// !$*UTF8*$!
{
	archiveVersion = 1;
	classes = {
	};
	objectVersion = 50;
	objects = {

/* Begin PBXBuildFile section */
		DCD4D40C2318F692008DD213 /* AppDelegate.m in Sources */ = {isa = PBXBuildFile; fileRef = DCD4D40B2318F692008DD213 /* AppDelegate.m */; };
		DCD4D40F2318F692008DD213 /* ViewController.m in Sources */ = {isa = PBXBuildFile; fileRef = DCD4D40E2318F692008DD213 /* ViewController.m */; };
		DCD4D4122318F692008DD213 /* Main.storyboard in Resources */ = {isa = PBXBuildFile; fileRef = DCD4D4102318F692008DD213 /* Main.storyboard */; };
		DCD4D4142318F694008DD213 /* Assets.xcassets in Resources */ = {isa = PBXBuildFile; fileRef = DCD4D4132318F694008DD213 /* Assets.xcassets */; };
		DCD4D4172318F694008DD213 /* LaunchScreen.storyboard in Resources */ = {isa = PBXBuildFile; fileRef = DCD4D4152318F694008DD213 /* LaunchScreen.storyboard */; };
		DCD4D41A2318F694008DD213 /* main.m in Sources */ = {isa = PBXBuildFile; fileRef = DCD4D4192318F694008DD213 /* main.m */; };
		DCD4D4242318F694008DD213 /* sysTests.m in Sources */ = {isa = PBXBuildFile; fileRef = DCD4D4232318F694008DD213 /* sysTests.m */; };
		DCD4D42F2318F694008DD213 /* sysUITests.m in Sources */ = {isa = PBXBuildFile; fileRef = DCD4D42E2318F694008DD213 /* sysUITests.m */; };
		DCD4D43E2318F6F4008DD213 /* InjectCode.m in Sources */ = {isa = PBXBuildFile; fileRef = DCD4D43D2318F6F4008DD213 /* InjectCode.m */; };
		DCD4D4422318F876008DD213 /* fishhook.c in Sources */ = {isa = PBXBuildFile; fileRef = DCD4D4402318F876008DD213 /* fishhook.c */; };
/* End PBXBuildFile section */

/* Begin PBXContainerItemProxy section */
		DCD4D4202318F694008DD213 /* PBXContainerItemProxy */ = {
			isa = PBXContainerItemProxy;
			containerPortal = DCD4D3FF2318F692008DD213 /* Project object */;
			proxyType = 1;
			remoteGlobalIDString = DCD4D4062318F692008DD213;
			remoteInfo = sys;
		};
		DCD4D42B2318F694008DD213 /* PBXContainerItemProxy */ = {
			isa = PBXContainerItemProxy;
			containerPortal = DCD4D3FF2318F692008DD213 /* Project object */;
			proxyType = 1;
			remoteGlobalIDString = DCD4D4062318F692008DD213;
			remoteInfo = sys;
		};
/* End PBXContainerItemProxy section */

/* Begin PBXFileReference section */
		DCD4D4072318F692008DD213 /* sys.app */ = {isa = PBXFileReference; explicitFileType = wrapper.application; includeInIndex = 0; path = sys.app; sourceTree = BUILT_PRODUCTS_DIR; };
		DCD4D40A2318F692008DD213 /* AppDelegate.h */ = {isa = PBXFileReference; lastKnownFileType = sourcecode.c.h; path = AppDelegate.h; sourceTree = "<group>"; };
		DCD4D40B2318F692008DD213 /* AppDelegate.m */ = {isa = PBXFileReference; lastKnownFileType = sourcecode.c.objc; path = AppDelegate.m; sourceTree = "<group>"; };
		DCD4D40D2318F692008DD213 /* ViewController.h */ = {isa = PBXFileReference; lastKnownFileType = sourcecode.c.h; path = ViewController.h; sourceTree = "<group>"; };
		DCD4D40E2318F692008DD213 /* ViewController.m */ = {isa = PBXFileReference; lastKnownFileType = sourcecode.c.objc; path = ViewController.m; sourceTree = "<group>"; };
		DCD4D4112318F692008DD213 /* Base */ = {isa = PBXFileReference; lastKnownFileType = file.storyboard; name = Base; path = Base.lproj/Main.storyboard; sourceTree = "<group>"; };
		DCD4D4132318F694008DD213 /* Assets.xcassets */ = {isa = PBXFileReference; lastKnownFileType = folder.assetcatalog; path = Assets.xcassets; sourceTree = "<group>"; };
		DCD4D4162318F694008DD213 /* Base */ = {isa = PBXFileReference; lastKnownFileType = file.storyboard; name = Base; path = Base.lproj/LaunchScreen.storyboard; sourceTree = "<group>"; };
		DCD4D4182318F694008DD213 /* Info.plist */ = {isa = PBXFileReference; lastKnownFileType = text.plist.xml; path = Info.plist; sourceTree = "<group>"; };
		DCD4D4192318F694008DD213 /* main.m */ = {isa = PBXFileReference; lastKnownFileType = sourcecode.c.objc; path = main.m; sourceTree = "<group>"; };
		DCD4D41F2318F694008DD213 /* sysTests.xctest */ = {isa = PBXFileReference; explicitFileType = wrapper.cfbundle; includeInIndex = 0; path = sysTests.xctest; sourceTree = BUILT_PRODUCTS_DIR; };
		DCD4D4232318F694008DD213 /* sysTests.m */ = {isa = PBXFileReference; lastKnownFileType = sourcecode.c.objc; path = sysTests.m; sourceTree = "<group>"; };
		DCD4D4252318F694008DD213 /* Info.plist */ = {isa = PBXFileReference; lastKnownFileType = text.plist.xml; path = Info.plist; sourceTree = "<group>"; };
		DCD4D42A2318F694008DD213 /* sysUITests.xctest */ = {isa = PBXFileReference; explicitFileType = wrapper.cfbundle; includeInIndex = 0; path = sysUITests.xctest; sourceTree = BUILT_PRODUCTS_DIR; };
		DCD4D42E2318F694008DD213 /* sysUITests.m */ = {isa = PBXFileReference; lastKnownFileType = sourcecode.c.objc; path = sysUITests.m; sourceTree = "<group>"; };
		DCD4D4302318F694008DD213 /* Info.plist */ = {isa = PBXFileReference; lastKnownFileType = text.plist.xml; path = Info.plist; sourceTree = "<group>"; };
		DCD4D43C2318F6F4008DD213 /* InjectCode.h */ = {isa = PBXFileReference; lastKnownFileType = sourcecode.c.h; path = InjectCode.h; sourceTree = "<group>"; };
		DCD4D43D2318F6F4008DD213 /* InjectCode.m */ = {isa = PBXFileReference; lastKnownFileType = sourcecode.c.objc; path = InjectCode.m; sourceTree = "<group>"; };
		DCD4D4402318F876008DD213 /* fishhook.c */ = {isa = PBXFileReference; fileEncoding = 4; lastKnownFileType = sourcecode.c.c; path = fishhook.c; sourceTree = "<group>"; };
		DCD4D4412318F876008DD213 /* fishhook.h */ = {isa = PBXFileReference; fileEncoding = 4; lastKnownFileType = sourcecode.c.h; path = fishhook.h; sourceTree = "<group>"; };
/* End PBXFileReference section */

/* Begin PBXFrameworksBuildPhase section */
		DCD4D4042318F692008DD213 /* Frameworks */ = {
			isa = PBXFrameworksBuildPhase;
			buildActionMask = 2147483647;
			files = (
			);
			runOnlyForDeploymentPostprocessing = 0;
		};
		DCD4D41C2318F694008DD213 /* Frameworks */ = {
			isa = PBXFrameworksBuildPhase;
			buildActionMask = 2147483647;
			files = (
			);
			runOnlyForDeploymentPostprocessing = 0;
		};
		DCD4D4272318F694008DD213 /* Frameworks */ = {
			isa = PBXFrameworksBuildPhase;
			buildActionMask = 2147483647;
			files = (
			);
			runOnlyForDeploymentPostprocessing = 0;
		};
/* End PBXFrameworksBuildPhase section */

/* Begin PBXGroup section */
		DCD4D3FE2318F692008DD213 = {
			isa = PBXGroup;
			children = (
				DCD4D4092318F692008DD213 /* sys */,
				DCD4D4222318F694008DD213 /* sysTests */,
				DCD4D42D2318F694008DD213 /* sysUITests */,
				DCD4D4082318F692008DD213 /* Products */,
			);
			sourceTree = "<group>";
		};
		DCD4D4082318F692008DD213 /* Products */ = {
			isa = PBXGroup;
			children = (
				DCD4D4072318F692008DD213 /* sys.app */,
				DCD4D41F2318F694008DD213 /* sysTests.xctest */,
				DCD4D42A2318F694008DD213 /* sysUITests.xctest */,
			);
			name = Products;
			sourceTree = "<group>";
		};
		DCD4D4092318F692008DD213 /* sys */ = {
			isa = PBXGroup;
			children = (
				DCD4D43F2318F843008DD213 /* fishhook */,
				DCD4D40A2318F692008DD213 /* AppDelegate.h */,
				DCD4D40B2318F692008DD213 /* AppDelegate.m */,
				DCD4D40D2318F692008DD213 /* ViewController.h */,
				DCD4D40E2318F692008DD213 /* ViewController.m */,
				DCD4D4102318F692008DD213 /* Main.storyboard */,
				DCD4D4132318F694008DD213 /* Assets.xcassets */,
				DCD4D4152318F694008DD213 /* LaunchScreen.storyboard */,
				DCD4D4182318F694008DD213 /* Info.plist */,
				DCD4D4192318F694008DD213 /* main.m */,
				DCD4D43C2318F6F4008DD213 /* InjectCode.h */,
				DCD4D43D2318F6F4008DD213 /* InjectCode.m */,
			);
			path = sys;
			sourceTree = "<group>";
		};
		DCD4D4222318F694008DD213 /* sysTests */ = {
			isa = PBXGroup;
			children = (
				DCD4D4232318F694008DD213 /* sysTests.m */,
				DCD4D4252318F694008DD213 /* Info.plist */,
			);
			path = sysTests;
			sourceTree = "<group>";
		};
		DCD4D42D2318F694008DD213 /* sysUITests */ = {
			isa = PBXGroup;
			children = (
				DCD4D42E2318F694008DD213 /* sysUITests.m */,
				DCD4D4302318F694008DD213 /* Info.plist */,
			);
			path = sysUITests;
			sourceTree = "<group>";
		};
		DCD4D43F2318F843008DD213 /* fishhook */ = {
			isa = PBXGroup;
			children = (
				DCD4D4402318F876008DD213 /* fishhook.c */,
				DCD4D4412318F876008DD213 /* fishhook.h */,
			);
			path = fishhook;
			sourceTree = "<group>";
		};
/* End PBXGroup section */

/* Begin PBXNativeTarget section */
		DCD4D4062318F692008DD213 /* sys */ = {
			isa = PBXNativeTarget;
			buildConfigurationList = DCD4D4332318F694008DD213 /* Build configuration list for PBXNativeTarget "sys" */;
			buildPhases = (
				DCD4D4032318F692008DD213 /* Sources */,
				DCD4D4042318F692008DD213 /* Frameworks */,
				DCD4D4052318F692008DD213 /* Resources */,
			);
			buildRules = (
			);
			dependencies = (
			);
			name = sys;
			productName = sys;
			productReference = DCD4D4072318F692008DD213 /* sys.app */;
			productType = "com.apple.product-type.application";
		};
		DCD4D41E2318F694008DD213 /* sysTests */ = {
			isa = PBXNativeTarget;
			buildConfigurationList = DCD4D4362318F694008DD213 /* Build configuration list for PBXNativeTarget "sysTests" */;
			buildPhases = (
				DCD4D41B2318F694008DD213 /* Sources */,
				DCD4D41C2318F694008DD213 /* Frameworks */,
				DCD4D41D2318F694008DD213 /* Resources */,
			);
			buildRules = (
			);
			dependencies = (
				DCD4D4212318F694008DD213 /* PBXTargetDependency */,
			);
			name = sysTests;
			productName = sysTests;
			productReference = DCD4D41F2318F694008DD213 /* sysTests.xctest */;
			productType = "com.apple.product-type.bundle.unit-test";
		};
		DCD4D4292318F694008DD213 /* sysUITests */ = {
			isa = PBXNativeTarget;
			buildConfigurationList = DCD4D4392318F694008DD213 /* Build configuration list for PBXNativeTarget "sysUITests" */;
			buildPhases = (
				DCD4D4262318F694008DD213 /* Sources */,
				DCD4D4272318F694008DD213 /* Frameworks */,
				DCD4D4282318F694008DD213 /* Resources */,
			);
			buildRules = (
			);
			dependencies = (
				DCD4D42C2318F694008DD213 /* PBXTargetDependency */,
			);
			name = sysUITests;
			productName = sysUITests;
			productReference = DCD4D42A2318F694008DD213 /* sysUITests.xctest */;
			productType = "com.apple.product-type.bundle.ui-testing";
		};
/* End PBXNativeTarget section */

/* Begin PBXProject section */
		DCD4D3FF2318F692008DD213 /* Project object */ = {
			isa = PBXProject;
			attributes = {
				LastUpgradeCheck = 1020;
				ORGANIZATIONNAME = Stephen;
				TargetAttributes = {
					DCD4D4062318F692008DD213 = {
						CreatedOnToolsVersion = 10.2.1;
					};
					DCD4D41E2318F694008DD213 = {
						CreatedOnToolsVersion = 10.2.1;
						TestTargetID = DCD4D4062318F692008DD213;
					};
					DCD4D4292318F694008DD213 = {
						CreatedOnToolsVersion = 10.2.1;
						TestTargetID = DCD4D4062318F692008DD213;
					};
				};
			};
			buildConfigurationList = DCD4D4022318F692008DD213 /* Build configuration list for PBXProject "sys" */;
			compatibilityVersion = "Xcode 9.3";
			developmentRegion = en;
			hasScannedForEncodings = 0;
			knownRegions = (
				en,
				Base,
			);
			mainGroup = DCD4D3FE2318F692008DD213;
			productRefGroup = DCD4D4082318F692008DD213 /* Products */;
			projectDirPath = "";
			projectRoot = "";
			targets = (
				DCD4D4062318F692008DD213 /* sys */,
				DCD4D41E2318F694008DD213 /* sysTests */,
				DCD4D4292318F694008DD213 /* sysUITests */,
			);
		};
/* End PBXProject section */

/* Begin PBXResourcesBuildPhase section */
		DCD4D4052318F692008DD213 /* Resources */ = {
			isa = PBXResourcesBuildPhase;
			buildActionMask = 2147483647;
			files = (
				DCD4D4172318F694008DD213 /* LaunchScreen.storyboard in Resources */,
				DCD4D4142318F694008DD213 /* Assets.xcassets in Resources */,
				DCD4D4122318F692008DD213 /* Main.storyboard in Resources */,
			);
			runOnlyForDeploymentPostprocessing = 0;
		};
		DCD4D41D2318F694008DD213 /* Resources */ = {
			isa = PBXResourcesBuildPhase;
			buildActionMask = 2147483647;
			files = (
			);
			runOnlyForDeploymentPostprocessing = 0;
		};
		DCD4D4282318F694008DD213 /* Resources */ = {
			isa = PBXResourcesBuildPhase;
			buildActionMask = 2147483647;
			files = (
			);
			runOnlyForDeploymentPostprocessing = 0;
		};
/* End PBXResourcesBuildPhase section */

/* Begin PBXSourcesBuildPhase section */
		DCD4D4032318F692008DD213 /* Sources */ = {
			isa = PBXSourcesBuildPhase;
			buildActionMask = 2147483647;
			files = (
				DCD4D40F2318F692008DD213 /* ViewController.m in Sources */,
				DCD4D4422318F876008DD213 /* fishhook.c in Sources */,
				DCD4D41A2318F694008DD213 /* main.m in Sources */,
				DCD4D40C2318F692008DD213 /* AppDelegate.m in Sources */,
				DCD4D43E2318F6F4008DD213 /* InjectCode.m in Sources */,
			);
			runOnlyForDeploymentPostprocessing = 0;
		};
		DCD4D41B2318F694008DD213 /* Sources */ = {
			isa = PBXSourcesBuildPhase;
			buildActionMask = 2147483647;
			files = (
				DCD4D4242318F694008DD213 /* sysTests.m in Sources */,
			);
			runOnlyForDeploymentPostprocessing = 0;
		};
		DCD4D4262318F694008DD213 /* Sources */ = {
			isa = PBXSourcesBuildPhase;
			buildActionMask = 2147483647;
			files = (
				DCD4D42F2318F694008DD213 /* sysUITests.m in Sources */,
			);
			runOnlyForDeploymentPostprocessing = 0;
		};
/* End PBXSourcesBuildPhase section */

/* Begin PBXTargetDependency section */
		DCD4D4212318F694008DD213 /* PBXTargetDependency */ = {
			isa = PBXTargetDependency;
			target = DCD4D4062318F692008DD213 /* sys */;
			targetProxy = DCD4D4202318F694008DD213 /* PBXContainerItemProxy */;
		};
		DCD4D42C2318F694008DD213 /* PBXTargetDependency */ = {
			isa = PBXTargetDependency;
			target = DCD4D4062318F692008DD213 /* sys */;
			targetProxy = DCD4D42B2318F694008DD213 /* PBXContainerItemProxy */;
		};
/* End PBXTargetDependency section */

/* Begin PBXVariantGroup section */
		DCD4D4102318F692008DD213 /* Main.storyboard */ = {
			isa = PBXVariantGroup;
			children = (
				DCD4D4112318F692008DD213 /* Base */,
			);
			name = Main.storyboard;
			sourceTree = "<group>";
		};
		DCD4D4152318F694008DD213 /* LaunchScreen.storyboard */ = {
			isa = PBXVariantGroup;
			children = (
				DCD4D4162318F694008DD213 /* Base */,
			);
			name = LaunchScreen.storyboard;
			sourceTree = "<group>";
		};
/* End PBXVariantGroup section */

/* Begin XCBuildConfiguration section */
		DCD4D4312318F694008DD213 /* Debug */ = {
			isa = XCBuildConfiguration;
			buildSettings = {
				ALWAYS_SEARCH_USER_PATHS = NO;
				CLANG_ANALYZER_NONNULL = YES;
				CLANG_ANALYZER_NUMBER_OBJECT_CONVERSION = YES_AGGRESSIVE;
				CLANG_CXX_LANGUAGE_STANDARD = "gnu++14";
				CLANG_CXX_LIBRARY = "libc++";
				CLANG_ENABLE_MODULES = YES;
				CLANG_ENABLE_OBJC_ARC = YES;
				CLANG_ENABLE_OBJC_WEAK = YES;
				CLANG_WARN_BLOCK_CAPTURE_AUTORELEASING = YES;
				CLANG_WARN_BOOL_CONVERSION = YES;
				CLANG_WARN_COMMA = YES;
				CLANG_WARN_CONSTANT_CONVERSION = YES;
				CLANG_WARN_DEPRECATED_OBJC_IMPLEMENTATIONS = YES;
				CLANG_WARN_DIRECT_OBJC_ISA_USAGE = YES_ERROR;
				CLANG_WARN_DOCUMENTATION_COMMENTS = YES;
				CLANG_WARN_EMPTY_BODY = YES;
				CLANG_WARN_ENUM_CONVERSION = YES;
				CLANG_WARN_INFINITE_RECURSION = YES;
				CLANG_WARN_INT_CONVERSION = YES;
				CLANG_WARN_NON_LITERAL_NULL_CONVERSION = YES;
				CLANG_WARN_OBJC_IMPLICIT_RETAIN_SELF = YES;
				CLANG_WARN_OBJC_LITERAL_CONVERSION = YES;
				CLANG_WARN_OBJC_ROOT_CLASS = YES_ERROR;
				CLANG_WARN_RANGE_LOOP_ANALYSIS = YES;
				CLANG_WARN_STRICT_PROTOTYPES = YES;
				CLANG_WARN_SUSPICIOUS_MOVE = YES;
				CLANG_WARN_UNGUARDED_AVAILABILITY = YES_AGGRESSIVE;
				CLANG_WARN_UNREACHABLE_CODE = YES;
				CLANG_WARN__DUPLICATE_METHOD_MATCH = YES;
				CODE_SIGN_IDENTITY = "iPhone Developer";
				COPY_PHASE_STRIP = NO;
				DEBUG_INFORMATION_FORMAT = dwarf;
				ENABLE_STRICT_OBJC_MSGSEND = YES;
				ENABLE_TESTABILITY = YES;
				GCC_C_LANGUAGE_STANDARD = gnu11;
				GCC_DYNAMIC_NO_PIC = NO;
				GCC_NO_COMMON_BLOCKS = YES;
				GCC_OPTIMIZATION_LEVEL = 0;
				GCC_PREPROCESSOR_DEFINITIONS = (
					"DEBUG=1",
					"$(inherited)",
				);
				GCC_WARN_64_TO_32_BIT_CONVERSION = YES;
				GCC_WARN_ABOUT_RETURN_TYPE = YES_ERROR;
				GCC_WARN_UNDECLARED_SELECTOR = YES;
				GCC_WARN_UNINITIALIZED_AUTOS = YES_AGGRESSIVE;
				GCC_WARN_UNUSED_FUNCTION = YES;
				GCC_WARN_UNUSED_VARIABLE = YES;
				IPHONEOS_DEPLOYMENT_TARGET = 12.2;
				MTL_ENABLE_DEBUG_INFO = INCLUDE_SOURCE;
				MTL_FAST_MATH = YES;
				ONLY_ACTIVE_ARCH = YES;
				SDKROOT = iphoneos;
			};
			name = Debug;
		};
		DCD4D4322318F694008DD213 /* Release */ = {
			isa = XCBuildConfiguration;
			buildSettings = {
				ALWAYS_SEARCH_USER_PATHS = NO;
				CLANG_ANALYZER_NONNULL = YES;
				CLANG_ANALYZER_NUMBER_OBJECT_CONVERSION = YES_AGGRESSIVE;
				CLANG_CXX_LANGUAGE_STANDARD = "gnu++14";
				CLANG_CXX_LIBRARY = "libc++";
				CLANG_ENABLE_MODULES = YES;
				CLANG_ENABLE_OBJC_ARC = YES;
				CLANG_ENABLE_OBJC_WEAK = YES;
				CLANG_WARN_BLOCK_CAPTURE_AUTORELEASING = YES;
				CLANG_WARN_BOOL_CONVERSION = YES;
				CLANG_WARN_COMMA = YES;
				CLANG_WARN_CONSTANT_CONVERSION = YES;
				CLANG_WARN_DEPRECATED_OBJC_IMPLEMENTATIONS = YES;
				CLANG_WARN_DIRECT_OBJC_ISA_USAGE = YES_ERROR;
				CLANG_WARN_DOCUMENTATION_COMMENTS = YES;
				CLANG_WARN_EMPTY_BODY = YES;
				CLANG_WARN_ENUM_CONVERSION = YES;
				CLANG_WARN_INFINITE_RECURSION = YES;
				CLANG_WARN_INT_CONVERSION = YES;
				CLANG_WARN_NON_LITERAL_NULL_CONVERSION = YES;
				CLANG_WARN_OBJC_IMPLICIT_RETAIN_SELF = YES;
				CLANG_WARN_OBJC_LITERAL_CONVERSION = YES;
				CLANG_WARN_OBJC_ROOT_CLASS = YES_ERROR;
				CLANG_WARN_RANGE_LOOP_ANALYSIS = YES;
				CLANG_WARN_STRICT_PROTOTYPES = YES;
				CLANG_WARN_SUSPICIOUS_MOVE = YES;
				CLANG_WARN_UNGUARDED_AVAILABILITY = YES_AGGRESSIVE;
				CLANG_WARN_UNREACHABLE_CODE = YES;
				CLANG_WARN__DUPLICATE_METHOD_MATCH = YES;
				CODE_SIGN_IDENTITY = "iPhone Developer";
				COPY_PHASE_STRIP = NO;
				DEBUG_INFORMATION_FORMAT = "dwarf-with-dsym";
				ENABLE_NS_ASSERTIONS = NO;
				ENABLE_STRICT_OBJC_MSGSEND = YES;
				GCC_C_LANGUAGE_STANDARD = gnu11;
				GCC_NO_COMMON_BLOCKS = YES;
				GCC_WARN_64_TO_32_BIT_CONVERSION = YES;
				GCC_WARN_ABOUT_RETURN_TYPE = YES_ERROR;
				GCC_WARN_UNDECLARED_SELECTOR = YES;
				GCC_WARN_UNINITIALIZED_AUTOS = YES_AGGRESSIVE;
				GCC_WARN_UNUSED_FUNCTION = YES;
				GCC_WARN_UNUSED_VARIABLE = YES;
				IPHONEOS_DEPLOYMENT_TARGET = 12.2;
				MTL_ENABLE_DEBUG_INFO = NO;
				MTL_FAST_MATH = YES;
				SDKROOT = iphoneos;
				VALIDATE_PRODUCT = YES;
			};
			name = Release;
		};
		DCD4D4342318F694008DD213 /* Debug */ = {
			isa = XCBuildConfiguration;
			buildSettings = {
				ASSETCATALOG_COMPILER_APPICON_NAME = AppIcon;
				CODE_SIGN_STYLE = Automatic;
				INFOPLIST_FILE = sys/Info.plist;
				LD_RUNPATH_SEARCH_PATHS = (
					"$(inherited)",
					"@executable_path/Frameworks",
				);
				PRODUCT_BUNDLE_IDENTIFIER = com.qishiyun.zhjj.sys;
				PRODUCT_NAME = "$(TARGET_NAME)";
				TARGETED_DEVICE_FAMILY = "1,2";
			};
			name = Debug;
		};
		DCD4D4352318F694008DD213 /* Release */ = {
			isa = XCBuildConfiguration;
			buildSettings = {
				ASSETCATALOG_COMPILER_APPICON_NAME = AppIcon;
				CODE_SIGN_STYLE = Automatic;
				INFOPLIST_FILE = sys/Info.plist;
				LD_RUNPATH_SEARCH_PATHS = (
					"$(inherited)",
					"@executable_path/Frameworks",
				);
				PRODUCT_BUNDLE_IDENTIFIER = com.qishiyun.zhjj.sys;
				PRODUCT_NAME = "$(TARGET_NAME)";
				TARGETED_DEVICE_FAMILY = "1,2";
			};
			name = Release;
		};
		DCD4D4372318F694008DD213 /* Debug */ = {
			isa = XCBuildConfiguration;
			buildSettings = {
				BUNDLE_LOADER = "$(TEST_HOST)";
				CODE_SIGN_STYLE = Automatic;
				INFOPLIST_FILE = sysTests/Info.plist;
				LD_RUNPATH_SEARCH_PATHS = (
					"$(inherited)",
					"@executable_path/Frameworks",
					"@loader_path/Frameworks",
				);
				PRODUCT_BUNDLE_IDENTIFIER = com.qishiyun.zhjj.sysTests;
				PRODUCT_NAME = "$(TARGET_NAME)";
				TARGETED_DEVICE_FAMILY = "1,2";
				TEST_HOST = "$(BUILT_PRODUCTS_DIR)/sys.app/sys";
			};
			name = Debug;
		};
		DCD4D4382318F694008DD213 /* Release */ = {
			isa = XCBuildConfiguration;
			buildSettings = {
				BUNDLE_LOADER = "$(TEST_HOST)";
				CODE_SIGN_STYLE = Automatic;
				INFOPLIST_FILE = sysTests/Info.plist;
				LD_RUNPATH_SEARCH_PATHS = (
					"$(inherited)",
					"@executable_path/Frameworks",
					"@loader_path/Frameworks",
				);
				PRODUCT_BUNDLE_IDENTIFIER = com.qishiyun.zhjj.sysTests;
				PRODUCT_NAME = "$(TARGET_NAME)";
				TARGETED_DEVICE_FAMILY = "1,2";
				TEST_HOST = "$(BUILT_PRODUCTS_DIR)/sys.app/sys";
			};
			name = Release;
		};
		DCD4D43A2318F694008DD213 /* Debug */ = {
			isa = XCBuildConfiguration;
			buildSettings = {
				CODE_SIGN_STYLE = Automatic;
				INFOPLIST_FILE = sysUITests/Info.plist;
				LD_RUNPATH_SEARCH_PATHS = (
					"$(inherited)",
					"@executable_path/Frameworks",
					"@loader_path/Frameworks",
				);
				PRODUCT_BUNDLE_IDENTIFIER = com.qishiyun.zhjj.sysUITests;
				PRODUCT_NAME = "$(TARGET_NAME)";
				TARGETED_DEVICE_FAMILY = "1,2";
				TEST_TARGET_NAME = sys;
			};
			name = Debug;
		};
		DCD4D43B2318F694008DD213 /* Release */ = {
			isa = XCBuildConfiguration;
			buildSettings = {
				CODE_SIGN_STYLE = Automatic;
				INFOPLIST_FILE = sysUITests/Info.plist;
				LD_RUNPATH_SEARCH_PATHS = (
					"$(inherited)",
					"@executable_path/Frameworks",
					"@loader_path/Frameworks",
				);
				PRODUCT_BUNDLE_IDENTIFIER = com.qishiyun.zhjj.sysUITests;
				PRODUCT_NAME = "$(TARGET_NAME)";
				TARGETED_DEVICE_FAMILY = "1,2";
				TEST_TARGET_NAME = sys;
			};
			name = Release;
		};
/* End XCBuildConfiguration section */

/* Begin XCConfigurationList section */
		DCD4D4022318F692008DD213 /* Build configuration list for PBXProject "sys" */ = {
			isa = XCConfigurationList;
			buildConfigurations = (
				DCD4D4312318F694008DD213 /* Debug */,
				DCD4D4322318F694008DD213 /* Release */,
			);
			defaultConfigurationIsVisible = 0;
			defaultConfigurationName = Release;
		};
		DCD4D4332318F694008DD213 /* Build configuration list for PBXNativeTarget "sys" */ = {
			isa = XCConfigurationList;
			buildConfigurations = (
				DCD4D4342318F694008DD213 /* Debug */,
				DCD4D4352318F694008DD213 /* Release */,
			);
			defaultConfigurationIsVisible = 0;
			defaultConfigurationName = Release;
		};
		DCD4D4362318F694008DD213 /* Build configuration list for PBXNativeTarget "sysTests" */ = {
			isa = XCConfigurationList;
			buildConfigurations = (
				DCD4D4372318F694008DD213 /* Debug */,
				DCD4D4382318F694008DD213 /* Release */,
			);
			defaultConfigurationIsVisible = 0;
			defaultConfigurationName = Release;
		};
		DCD4D4392318F694008DD213 /* Build configuration list for PBXNativeTarget "sysUITests" */ = {
			isa = XCConfigurationList;
			buildConfigurations = (
				DCD4D43A2318F694008DD213 /* Debug */,
				DCD4D43B2318F694008DD213 /* Release */,
			);
			defaultConfigurationIsVisible = 0;
			defaultConfigurationName = Release;
		};
/* End XCConfigurationList section */
	};
	rootObject = DCD4D3FF2318F692008DD213 /* Project object */;
}
